// !$*UTF8*$!
{
	archiveVersion = 1;
	classes = {
	};
	objectVersion = 56;
	objects = {

/* Begin PBXBuildFile section */
		850F5B8328EDF41E00361F3B /* LineChartView.swift in Sources */ = {isa = PBXBuildFile; fileRef = 850F5B8228EDF41E00361F3B /* LineChartView.swift */; };
		850F5BBF28F076D200361F3B /* LineChartProtocols.swift in Sources */ = {isa = PBXBuildFile; fileRef = 850F5BBE28F076D200361F3B /* LineChartProtocols.swift */; };
		850F5BC228F0778600361F3B /* Point.swift in Sources */ = {isa = PBXBuildFile; fileRef = 850F5BC128F0778600361F3B /* Point.swift */; };
		850F5BC428F077EA00361F3B /* PointArray.swift in Sources */ = {isa = PBXBuildFile; fileRef = 850F5BC328F077EA00361F3B /* PointArray.swift */; };
		850F5BC828F0787600361F3B /* LineChartStyling.swift in Sources */ = {isa = PBXBuildFile; fileRef = 850F5BC728F0787600361F3B /* LineChartStyling.swift */; };
		850F5BCC28F078EF00361F3B /* Window.swift in Sources */ = {isa = PBXBuildFile; fileRef = 850F5BCB28F078EF00361F3B /* Window.swift */; };
		851872E928E39F3E00325800 /* LoadsView2.swift in Sources */ = {isa = PBXBuildFile; fileRef = 851872E828E39F3E00325800 /* LoadsView2.swift */; };
		851872EB28E4DDF500325800 /* AddLoadView2.swift in Sources */ = {isa = PBXBuildFile; fileRef = 851872EA28E4DDF500325800 /* AddLoadView2.swift */; };
		853A791B28DCEC87003A2384 /* CrewView.swift in Sources */ = {isa = PBXBuildFile; fileRef = 853A791A28DCEC87003A2384 /* CrewView.swift */; };
		8545285E28CBC63B00DF64F2 /* Crew_LeaderApp.swift in Sources */ = {isa = PBXBuildFile; fileRef = 8545285D28CBC63B00DF64F2 /* Crew_LeaderApp.swift */; };
		8545286028CBC63B00DF64F2 /* ContentView.swift in Sources */ = {isa = PBXBuildFile; fileRef = 8545285F28CBC63B00DF64F2 /* ContentView.swift */; };
		8545286228CBC63C00DF64F2 /* Assets.xcassets in Resources */ = {isa = PBXBuildFile; fileRef = 8545286128CBC63C00DF64F2 /* Assets.xcassets */; };
		8545286528CBC63C00DF64F2 /* Preview Assets.xcassets in Resources */ = {isa = PBXBuildFile; fileRef = 8545286428CBC63C00DF64F2 /* Preview Assets.xcassets */; };
		8545286F28CBC63C00DF64F2 /* Crew_LeaderTests.swift in Sources */ = {isa = PBXBuildFile; fileRef = 8545286E28CBC63C00DF64F2 /* Crew_LeaderTests.swift */; };
		8545287928CBC63C00DF64F2 /* Crew_LeaderUITests.swift in Sources */ = {isa = PBXBuildFile; fileRef = 8545287828CBC63C00DF64F2 /* Crew_LeaderUITests.swift */; };
		8545287B28CBC63C00DF64F2 /* Crew_LeaderUITestsLaunchTests.swift in Sources */ = {isa = PBXBuildFile; fileRef = 8545287A28CBC63C00DF64F2 /* Crew_LeaderUITestsLaunchTests.swift */; };
		854DE9B828D269AC0099C722 /* CacheCalculatorTests.swift in Sources */ = {isa = PBXBuildFile; fileRef = 854DE9B728D269AC0099C722 /* CacheCalculatorTests.swift */; };
		8581185428DE1BF500C6D0B7 /* ImportPlantingUnitView.swift in Sources */ = {isa = PBXBuildFile; fileRef = 8581185328DE1BF500C6D0B7 /* ImportPlantingUnitView.swift */; };
		8581185728DE3C1A00C6D0B7 /* LoadsView.swift in Sources */ = {isa = PBXBuildFile; fileRef = 8581185628DE3C1A00C6D0B7 /* LoadsView.swift */; };
		8581321C28DB659D006102FB /* SpeciesStore.swift in Sources */ = {isa = PBXBuildFile; fileRef = 8581321B28DB659D006102FB /* SpeciesStore.swift */; };
		8581321E28DB6693006102FB /* PersonStore.swift in Sources */ = {isa = PBXBuildFile; fileRef = 8581321D28DB6693006102FB /* PersonStore.swift */; };
		8581322128DB6A41006102FB /* SettingsView.swift in Sources */ = {isa = PBXBuildFile; fileRef = 8581322028DB6A41006102FB /* SettingsView.swift */; };
		8581322328DB6C44006102FB /* MyCrewView.swift in Sources */ = {isa = PBXBuildFile; fileRef = 8581322228DB6C44006102FB /* MyCrewView.swift */; };
		8581322528DB6CC0006102FB /* SpeciesListView.swift in Sources */ = {isa = PBXBuildFile; fileRef = 8581322428DB6CC0006102FB /* SpeciesListView.swift */; };
		85896DC028D8FD46007FA1ED /* PlantingSummaryView.swift in Sources */ = {isa = PBXBuildFile; fileRef = 85896DBF28D8FD46007FA1ED /* PlantingSummaryView.swift */; };
		85896DC228D90EFB007FA1ED /* Data Store Locations.rtf in Resources */ = {isa = PBXBuildFile; fileRef = 85896DC128D90EFB007FA1ED /* Data Store Locations.rtf */; };
		85896DC428DA03B6007FA1ED /* PieChartView.swift in Sources */ = {isa = PBXBuildFile; fileRef = 85896DC328DA03B6007FA1ED /* PieChartView.swift */; };
		85A7AE7C28DA28F800A7636D /* PieChartParameters.swift in Sources */ = {isa = PBXBuildFile; fileRef = 85A7AE7B28DA28F800A7636D /* PieChartParameters.swift */; };
		85A7AE7E28DA6DF300A7636D /* PlanterProgressView.swift in Sources */ = {isa = PBXBuildFile; fileRef = 85A7AE7D28DA6DF300A7636D /* PlanterProgressView.swift */; };
		85A7AE8028DA6E5C00A7636D /* BlockProgressView.swift in Sources */ = {isa = PBXBuildFile; fileRef = 85A7AE7F28DA6E5C00A7636D /* BlockProgressView.swift */; };
		85B479D928E1FECD006647B5 /* AddLoadView.swift in Sources */ = {isa = PBXBuildFile; fileRef = 85B479D828E1FECD006647B5 /* AddLoadView.swift */; };
		85B479DB28E33F5F006647B5 /* PlanterReportView.swift in Sources */ = {isa = PBXBuildFile; fileRef = 85B479DA28E33F5F006647B5 /* PlanterReportView.swift */; };
		85C6306928D2493100A5066F /* TrailingIconLabelStyle.swift in Sources */ = {isa = PBXBuildFile; fileRef = 85C6306828D2493100A5066F /* TrailingIconLabelStyle.swift */; };
		85C6306B28D24C2800A5066F /* CacheCalculator.swift in Sources */ = {isa = PBXBuildFile; fileRef = 85C6306A28D24C2800A5066F /* CacheCalculator.swift */; };
		85C6306E28D257C400A5066F /* ResultsView.swift in Sources */ = {isa = PBXBuildFile; fileRef = 85C6306D28D257C400A5066F /* ResultsView.swift */; };
		85EB9D222A09FFBC00D63CD6 /* DeveloperNotesView.swift in Sources */ = {isa = PBXBuildFile; fileRef = 85EB9D212A09FFBC00D63CD6 /* DeveloperNotesView.swift */; };
		85EF067828CBCA2B008D006A /* TalliesView.swift in Sources */ = {isa = PBXBuildFile; fileRef = 85EF067728CBCA2B008D006A /* TalliesView.swift */; };
		85EF067A28CBCA49008D006A /* template_view.swift in Sources */ = {isa = PBXBuildFile; fileRef = 85EF067928CBCA49008D006A /* template_view.swift */; };
		85EF067D28CBCD86008D006A /* Person.swift in Sources */ = {isa = PBXBuildFile; fileRef = 85EF067C28CBCD86008D006A /* Person.swift */; };
		85EF067F28CBD054008D006A /* Crew.swift in Sources */ = {isa = PBXBuildFile; fileRef = 85EF067E28CBD054008D006A /* Crew.swift */; };
		85EF068128CBD35B008D006A /* Block.swift in Sources */ = {isa = PBXBuildFile; fileRef = 85EF068028CBD35B008D006A /* Block.swift */; };
		85EF068328CBD68E008D006A /* DailyTally.swift in Sources */ = {isa = PBXBuildFile; fileRef = 85EF068228CBD68E008D006A /* DailyTally.swift */; };
		85EF068528CE402C008D006A /* PlanterTallyView.swift in Sources */ = {isa = PBXBuildFile; fileRef = 85EF068428CE402C008D006A /* PlanterTallyView.swift */; };
		85EF068728CE4467008D006A /* CardView.swift in Sources */ = {isa = PBXBuildFile; fileRef = 85EF068628CE4467008D006A /* CardView.swift */; };
		85EF068928CE52F8008D006A /* Species.swift in Sources */ = {isa = PBXBuildFile; fileRef = 85EF068828CE52F8008D006A /* Species.swift */; };
		85EF068B28CE5C45008D006A /* DailyTallyView.swift in Sources */ = {isa = PBXBuildFile; fileRef = 85EF068A28CE5C45008D006A /* DailyTallyView.swift */; };
		85EF068D28CE6462008D006A /* BlockSwitchView.swift in Sources */ = {isa = PBXBuildFile; fileRef = 85EF068C28CE6462008D006A /* BlockSwitchView.swift */; };
		85EF068F28CE695A008D006A /* utilites.swift in Sources */ = {isa = PBXBuildFile; fileRef = 85EF068E28CE695A008D006A /* utilites.swift */; };
		85EF069128CE8B2F008D006A /* CreateTallyView.swift in Sources */ = {isa = PBXBuildFile; fileRef = 85EF069028CE8B2F008D006A /* CreateTallyView.swift */; };
		85EF069328CEA95A008D006A /* AddSpeciesView.swift in Sources */ = {isa = PBXBuildFile; fileRef = 85EF069228CEA95A008D006A /* AddSpeciesView.swift */; };
		85EF069828CF9319008D006A /* EnterTallyDataView.swift in Sources */ = {isa = PBXBuildFile; fileRef = 85EF069728CF9319008D006A /* EnterTallyDataView.swift */; };
		85EF069A28CFAEF9008D006A /* Partial.swift in Sources */ = {isa = PBXBuildFile; fileRef = 85EF069928CFAEF9008D006A /* Partial.swift */; };
		85EF069C28CFB055008D006A /* EnterSpeciesView.swift in Sources */ = {isa = PBXBuildFile; fileRef = 85EF069B28CFB055008D006A /* EnterSpeciesView.swift */; };
		85EF069E28CFB54E008D006A /* PartialCardView.swift in Sources */ = {isa = PBXBuildFile; fileRef = 85EF069D28CFB54E008D006A /* PartialCardView.swift */; };
		85EF06A028CFBCCE008D006A /* PopupView.swift in Sources */ = {isa = PBXBuildFile; fileRef = 85EF069F28CFBCCE008D006A /* PopupView.swift */; };
		85EF06A228CFBF7C008D006A /* CreatePartialView.swift in Sources */ = {isa = PBXBuildFile; fileRef = 85EF06A128CFBF7C008D006A /* CreatePartialView.swift */; };
		85EF06A628D1097E008D006A /* AddBlocksView.swift in Sources */ = {isa = PBXBuildFile; fileRef = 85EF06A528D1097E008D006A /* AddBlocksView.swift */; };
		85EF06A828D21ECE008D006A /* CacheCalculatorView.swift in Sources */ = {isa = PBXBuildFile; fileRef = 85EF06A728D21ECE008D006A /* CacheCalculatorView.swift */; };
		85FF801F28D4E97100B55666 /* BlocksView.swift in Sources */ = {isa = PBXBuildFile; fileRef = 85FF801E28D4E97100B55666 /* BlocksView.swift */; };
		85FF802128D4EA2C00B55666 /* BlockView.swift in Sources */ = {isa = PBXBuildFile; fileRef = 85FF802028D4EA2C00B55666 /* BlockView.swift */; };
		85FF802328D4EAD200B55666 /* BlockCardView.swift in Sources */ = {isa = PBXBuildFile; fileRef = 85FF802228D4EAD200B55666 /* BlockCardView.swift */; };
		85FF802528D4EB3000B55666 /* CreateBlockView.swift in Sources */ = {isa = PBXBuildFile; fileRef = 85FF802428D4EB3000B55666 /* CreateBlockView.swift */; };
		85FF802928D8D2DA00B55666 /* TallyStore.swift in Sources */ = {isa = PBXBuildFile; fileRef = 85FF802828D8D2DA00B55666 /* TallyStore.swift */; };
		85FF802B28D8D4AE00B55666 /* ErrorWrapper.swift in Sources */ = {isa = PBXBuildFile; fileRef = 85FF802A28D8D4AE00B55666 /* ErrorWrapper.swift */; };
		85FF802D28D8D5A600B55666 /* ErrorView.swift in Sources */ = {isa = PBXBuildFile; fileRef = 85FF802C28D8D5A600B55666 /* ErrorView.swift */; };
		85FF802F28D8F85300B55666 /* BlockStore.swift in Sources */ = {isa = PBXBuildFile; fileRef = 85FF802E28D8F85300B55666 /* BlockStore.swift */; };
/* End PBXBuildFile section */

/* Begin PBXContainerItemProxy section */
		8545286B28CBC63C00DF64F2 /* PBXContainerItemProxy */ = {
			isa = PBXContainerItemProxy;
			containerPortal = 8545285228CBC63B00DF64F2 /* Project object */;
			proxyType = 1;
			remoteGlobalIDString = 8545285928CBC63B00DF64F2;
			remoteInfo = "Crew Leader";
		};
		8545287528CBC63C00DF64F2 /* PBXContainerItemProxy */ = {
			isa = PBXContainerItemProxy;
			containerPortal = 8545285228CBC63B00DF64F2 /* Project object */;
			proxyType = 1;
			remoteGlobalIDString = 8545285928CBC63B00DF64F2;
			remoteInfo = "Crew Leader";
		};
/* End PBXContainerItemProxy section */

/* Begin PBXFileReference section */
		850F5B8228EDF41E00361F3B /* LineChartView.swift */ = {isa = PBXFileReference; lastKnownFileType = sourcecode.swift; path = LineChartView.swift; sourceTree = "<group>"; };
		850F5BBE28F076D200361F3B /* LineChartProtocols.swift */ = {isa = PBXFileReference; lastKnownFileType = sourcecode.swift; path = LineChartProtocols.swift; sourceTree = "<group>"; };
		850F5BC128F0778600361F3B /* Point.swift */ = {isa = PBXFileReference; lastKnownFileType = sourcecode.swift; path = Point.swift; sourceTree = "<group>"; };
		850F5BC328F077EA00361F3B /* PointArray.swift */ = {isa = PBXFileReference; lastKnownFileType = sourcecode.swift; path = PointArray.swift; sourceTree = "<group>"; };
		850F5BC728F0787600361F3B /* LineChartStyling.swift */ = {isa = PBXFileReference; lastKnownFileType = sourcecode.swift; path = LineChartStyling.swift; sourceTree = "<group>"; };
		850F5BCB28F078EF00361F3B /* Window.swift */ = {isa = PBXFileReference; lastKnownFileType = sourcecode.swift; path = Window.swift; sourceTree = "<group>"; };
		851872E828E39F3E00325800 /* LoadsView2.swift */ = {isa = PBXFileReference; lastKnownFileType = sourcecode.swift; path = LoadsView2.swift; sourceTree = "<group>"; };
		851872EA28E4DDF500325800 /* AddLoadView2.swift */ = {isa = PBXFileReference; lastKnownFileType = sourcecode.swift; path = AddLoadView2.swift; sourceTree = "<group>"; };
		853A791A28DCEC87003A2384 /* CrewView.swift */ = {isa = PBXFileReference; lastKnownFileType = sourcecode.swift; path = CrewView.swift; sourceTree = "<group>"; };
		8545285A28CBC63B00DF64F2 /* Crew Leader.app */ = {isa = PBXFileReference; explicitFileType = wrapper.application; includeInIndex = 0; path = "Crew Leader.app"; sourceTree = BUILT_PRODUCTS_DIR; };
		8545285D28CBC63B00DF64F2 /* Crew_LeaderApp.swift */ = {isa = PBXFileReference; lastKnownFileType = sourcecode.swift; path = Crew_LeaderApp.swift; sourceTree = "<group>"; };
		8545285F28CBC63B00DF64F2 /* ContentView.swift */ = {isa = PBXFileReference; lastKnownFileType = sourcecode.swift; path = ContentView.swift; sourceTree = "<group>"; };
		8545286128CBC63C00DF64F2 /* Assets.xcassets */ = {isa = PBXFileReference; lastKnownFileType = folder.assetcatalog; path = Assets.xcassets; sourceTree = "<group>"; };
		8545286428CBC63C00DF64F2 /* Preview Assets.xcassets */ = {isa = PBXFileReference; lastKnownFileType = folder.assetcatalog; path = "Preview Assets.xcassets"; sourceTree = "<group>"; };
		8545286A28CBC63C00DF64F2 /* Crew LeaderTests.xctest */ = {isa = PBXFileReference; explicitFileType = wrapper.cfbundle; includeInIndex = 0; path = "Crew LeaderTests.xctest"; sourceTree = BUILT_PRODUCTS_DIR; };
		8545286E28CBC63C00DF64F2 /* Crew_LeaderTests.swift */ = {isa = PBXFileReference; lastKnownFileType = sourcecode.swift; path = Crew_LeaderTests.swift; sourceTree = "<group>"; };
		8545287428CBC63C00DF64F2 /* Crew LeaderUITests.xctest */ = {isa = PBXFileReference; explicitFileType = wrapper.cfbundle; includeInIndex = 0; path = "Crew LeaderUITests.xctest"; sourceTree = BUILT_PRODUCTS_DIR; };
		8545287828CBC63C00DF64F2 /* Crew_LeaderUITests.swift */ = {isa = PBXFileReference; lastKnownFileType = sourcecode.swift; path = Crew_LeaderUITests.swift; sourceTree = "<group>"; };
		8545287A28CBC63C00DF64F2 /* Crew_LeaderUITestsLaunchTests.swift */ = {isa = PBXFileReference; lastKnownFileType = sourcecode.swift; path = Crew_LeaderUITestsLaunchTests.swift; sourceTree = "<group>"; };
		854DE9B728D269AC0099C722 /* CacheCalculatorTests.swift */ = {isa = PBXFileReference; lastKnownFileType = sourcecode.swift; path = CacheCalculatorTests.swift; sourceTree = "<group>"; };
		8581185328DE1BF500C6D0B7 /* ImportPlantingUnitView.swift */ = {isa = PBXFileReference; lastKnownFileType = sourcecode.swift; path = ImportPlantingUnitView.swift; sourceTree = "<group>"; };
		8581185628DE3C1A00C6D0B7 /* LoadsView.swift */ = {isa = PBXFileReference; lastKnownFileType = sourcecode.swift; path = LoadsView.swift; sourceTree = "<group>"; };
		8581321B28DB659D006102FB /* SpeciesStore.swift */ = {isa = PBXFileReference; lastKnownFileType = sourcecode.swift; path = SpeciesStore.swift; sourceTree = "<group>"; };
		8581321D28DB6693006102FB /* PersonStore.swift */ = {isa = PBXFileReference; lastKnownFileType = sourcecode.swift; path = PersonStore.swift; sourceTree = "<group>"; };
		8581322028DB6A41006102FB /* SettingsView.swift */ = {isa = PBXFileReference; lastKnownFileType = sourcecode.swift; path = SettingsView.swift; sourceTree = "<group>"; };
		8581322228DB6C44006102FB /* MyCrewView.swift */ = {isa = PBXFileReference; lastKnownFileType = sourcecode.swift; path = MyCrewView.swift; sourceTree = "<group>"; };
		8581322428DB6CC0006102FB /* SpeciesListView.swift */ = {isa = PBXFileReference; lastKnownFileType = sourcecode.swift; path = SpeciesListView.swift; sourceTree = "<group>"; };
		85896DBF28D8FD46007FA1ED /* PlantingSummaryView.swift */ = {isa = PBXFileReference; lastKnownFileType = sourcecode.swift; path = PlantingSummaryView.swift; sourceTree = "<group>"; };
		85896DC128D90EFB007FA1ED /* Data Store Locations.rtf */ = {isa = PBXFileReference; lastKnownFileType = text.rtf; path = "Data Store Locations.rtf"; sourceTree = "<group>"; };
		85896DC328DA03B6007FA1ED /* PieChartView.swift */ = {isa = PBXFileReference; lastKnownFileType = sourcecode.swift; path = PieChartView.swift; sourceTree = "<group>"; };
		85A7AE7B28DA28F800A7636D /* PieChartParameters.swift */ = {isa = PBXFileReference; lastKnownFileType = sourcecode.swift; path = PieChartParameters.swift; sourceTree = "<group>"; };
		85A7AE7D28DA6DF300A7636D /* PlanterProgressView.swift */ = {isa = PBXFileReference; lastKnownFileType = sourcecode.swift; path = PlanterProgressView.swift; sourceTree = "<group>"; };
		85A7AE7F28DA6E5C00A7636D /* BlockProgressView.swift */ = {isa = PBXFileReference; lastKnownFileType = sourcecode.swift; path = BlockProgressView.swift; sourceTree = "<group>"; };
		85B479D828E1FECD006647B5 /* AddLoadView.swift */ = {isa = PBXFileReference; lastKnownFileType = sourcecode.swift; path = AddLoadView.swift; sourceTree = "<group>"; };
		85B479DA28E33F5F006647B5 /* PlanterReportView.swift */ = {isa = PBXFileReference; lastKnownFileType = sourcecode.swift; path = PlanterReportView.swift; sourceTree = "<group>"; };
		85C6306828D2493100A5066F /* TrailingIconLabelStyle.swift */ = {isa = PBXFileReference; lastKnownFileType = sourcecode.swift; path = TrailingIconLabelStyle.swift; sourceTree = "<group>"; };
		85C6306A28D24C2800A5066F /* CacheCalculator.swift */ = {isa = PBXFileReference; lastKnownFileType = sourcecode.swift; path = CacheCalculator.swift; sourceTree = "<group>"; };
		85C6306D28D257C400A5066F /* ResultsView.swift */ = {isa = PBXFileReference; lastKnownFileType = sourcecode.swift; path = ResultsView.swift; sourceTree = "<group>"; };
		85EB9D212A09FFBC00D63CD6 /* DeveloperNotesView.swift */ = {isa = PBXFileReference; lastKnownFileType = sourcecode.swift; path = DeveloperNotesView.swift; sourceTree = "<group>"; };
		85EF067728CBCA2B008D006A /* TalliesView.swift */ = {isa = PBXFileReference; lastKnownFileType = sourcecode.swift; path = TalliesView.swift; sourceTree = "<group>"; };
		85EF067928CBCA49008D006A /* template_view.swift */ = {isa = PBXFileReference; lastKnownFileType = sourcecode.swift; path = template_view.swift; sourceTree = "<group>"; };
		85EF067C28CBCD86008D006A /* Person.swift */ = {isa = PBXFileReference; lastKnownFileType = sourcecode.swift; path = Person.swift; sourceTree = "<group>"; };
		85EF067E28CBD054008D006A /* Crew.swift */ = {isa = PBXFileReference; lastKnownFileType = sourcecode.swift; path = Crew.swift; sourceTree = "<group>"; };
		85EF068028CBD35B008D006A /* Block.swift */ = {isa = PBXFileReference; lastKnownFileType = sourcecode.swift; path = Block.swift; sourceTree = "<group>"; };
		85EF068228CBD68E008D006A /* DailyTally.swift */ = {isa = PBXFileReference; lastKnownFileType = sourcecode.swift; path = DailyTally.swift; sourceTree = "<group>"; };
		85EF068428CE402C008D006A /* PlanterTallyView.swift */ = {isa = PBXFileReference; lastKnownFileType = sourcecode.swift; path = PlanterTallyView.swift; sourceTree = "<group>"; };
		85EF068628CE4467008D006A /* CardView.swift */ = {isa = PBXFileReference; lastKnownFileType = sourcecode.swift; path = CardView.swift; sourceTree = "<group>"; };
		85EF068828CE52F8008D006A /* Species.swift */ = {isa = PBXFileReference; lastKnownFileType = sourcecode.swift; path = Species.swift; sourceTree = "<group>"; };
		85EF068A28CE5C45008D006A /* DailyTallyView.swift */ = {isa = PBXFileReference; lastKnownFileType = sourcecode.swift; path = DailyTallyView.swift; sourceTree = "<group>"; };
		85EF068C28CE6462008D006A /* BlockSwitchView.swift */ = {isa = PBXFileReference; lastKnownFileType = sourcecode.swift; path = BlockSwitchView.swift; sourceTree = "<group>"; };
		85EF068E28CE695A008D006A /* utilites.swift */ = {isa = PBXFileReference; lastKnownFileType = sourcecode.swift; path = utilites.swift; sourceTree = "<group>"; };
		85EF069028CE8B2F008D006A /* CreateTallyView.swift */ = {isa = PBXFileReference; lastKnownFileType = sourcecode.swift; path = CreateTallyView.swift; sourceTree = "<group>"; };
		85EF069228CEA95A008D006A /* AddSpeciesView.swift */ = {isa = PBXFileReference; lastKnownFileType = sourcecode.swift; path = AddSpeciesView.swift; sourceTree = "<group>"; };
		85EF069728CF9319008D006A /* EnterTallyDataView.swift */ = {isa = PBXFileReference; lastKnownFileType = sourcecode.swift; path = EnterTallyDataView.swift; sourceTree = "<group>"; };
		85EF069928CFAEF9008D006A /* Partial.swift */ = {isa = PBXFileReference; lastKnownFileType = sourcecode.swift; path = Partial.swift; sourceTree = "<group>"; };
		85EF069B28CFB055008D006A /* EnterSpeciesView.swift */ = {isa = PBXFileReference; lastKnownFileType = sourcecode.swift; path = EnterSpeciesView.swift; sourceTree = "<group>"; };
		85EF069D28CFB54E008D006A /* PartialCardView.swift */ = {isa = PBXFileReference; lastKnownFileType = sourcecode.swift; path = PartialCardView.swift; sourceTree = "<group>"; };
		85EF069F28CFBCCE008D006A /* PopupView.swift */ = {isa = PBXFileReference; lastKnownFileType = sourcecode.swift; path = PopupView.swift; sourceTree = "<group>"; };
		85EF06A128CFBF7C008D006A /* CreatePartialView.swift */ = {isa = PBXFileReference; lastKnownFileType = sourcecode.swift; path = CreatePartialView.swift; sourceTree = "<group>"; };
		85EF06A528D1097E008D006A /* AddBlocksView.swift */ = {isa = PBXFileReference; lastKnownFileType = sourcecode.swift; path = AddBlocksView.swift; sourceTree = "<group>"; };
		85EF06A728D21ECE008D006A /* CacheCalculatorView.swift */ = {isa = PBXFileReference; lastKnownFileType = sourcecode.swift; path = CacheCalculatorView.swift; sourceTree = "<group>"; };
		85FF801E28D4E97100B55666 /* BlocksView.swift */ = {isa = PBXFileReference; lastKnownFileType = sourcecode.swift; path = BlocksView.swift; sourceTree = "<group>"; };
		85FF802028D4EA2C00B55666 /* BlockView.swift */ = {isa = PBXFileReference; lastKnownFileType = sourcecode.swift; path = BlockView.swift; sourceTree = "<group>"; };
		85FF802228D4EAD200B55666 /* BlockCardView.swift */ = {isa = PBXFileReference; lastKnownFileType = sourcecode.swift; path = BlockCardView.swift; sourceTree = "<group>"; };
		85FF802428D4EB3000B55666 /* CreateBlockView.swift */ = {isa = PBXFileReference; lastKnownFileType = sourcecode.swift; path = CreateBlockView.swift; sourceTree = "<group>"; };
		85FF802828D8D2DA00B55666 /* TallyStore.swift */ = {isa = PBXFileReference; lastKnownFileType = sourcecode.swift; path = TallyStore.swift; sourceTree = "<group>"; };
		85FF802A28D8D4AE00B55666 /* ErrorWrapper.swift */ = {isa = PBXFileReference; lastKnownFileType = sourcecode.swift; path = ErrorWrapper.swift; sourceTree = "<group>"; };
		85FF802C28D8D5A600B55666 /* ErrorView.swift */ = {isa = PBXFileReference; lastKnownFileType = sourcecode.swift; path = ErrorView.swift; sourceTree = "<group>"; };
		85FF802E28D8F85300B55666 /* BlockStore.swift */ = {isa = PBXFileReference; lastKnownFileType = sourcecode.swift; path = BlockStore.swift; sourceTree = "<group>"; };
/* End PBXFileReference section */

/* Begin PBXFrameworksBuildPhase section */
		8545285728CBC63B00DF64F2 /* Frameworks */ = {
			isa = PBXFrameworksBuildPhase;
			buildActionMask = 2147483647;
			files = (
			);
			runOnlyForDeploymentPostprocessing = 0;
		};
		8545286728CBC63C00DF64F2 /* Frameworks */ = {
			isa = PBXFrameworksBuildPhase;
			buildActionMask = 2147483647;
			files = (
			);
			runOnlyForDeploymentPostprocessing = 0;
		};
		8545287128CBC63C00DF64F2 /* Frameworks */ = {
			isa = PBXFrameworksBuildPhase;
			buildActionMask = 2147483647;
			files = (
			);
			runOnlyForDeploymentPostprocessing = 0;
		};
/* End PBXFrameworksBuildPhase section */

/* Begin PBXGroup section */
		850F5B8428EDF42400361F3B /* Line Chart View */ = {
			isa = PBXGroup;
			children = (
				850F5BC028F0776600361F3B /* Models */,
				850F5B8228EDF41E00361F3B /* LineChartView.swift */,
				850F5BBE28F076D200361F3B /* LineChartProtocols.swift */,
				850F5BC728F0787600361F3B /* LineChartStyling.swift */,
			);
			path = "Line Chart View";
			sourceTree = "<group>";
		};
		850F5BC028F0776600361F3B /* Models */ = {
			isa = PBXGroup;
			children = (
				850F5BC128F0778600361F3B /* Point.swift */,
				850F5BC328F077EA00361F3B /* PointArray.swift */,
				850F5BCB28F078EF00361F3B /* Window.swift */,
			);
			path = Models;
			sourceTree = "<group>";
		};
		853A791928DCEC76003A2384 /* Crew View */ = {
			isa = PBXGroup;
			children = (
				853A791A28DCEC87003A2384 /* CrewView.swift */,
				85B479DA28E33F5F006647B5 /* PlanterReportView.swift */,
			);
			path = "Crew View";
			sourceTree = "<group>";
		};
		8545285128CBC63B00DF64F2 = {
			isa = PBXGroup;
			children = (
				8545285C28CBC63B00DF64F2 /* Crew Leader */,
				8545286D28CBC63C00DF64F2 /* Crew LeaderTests */,
				8545287728CBC63C00DF64F2 /* Crew LeaderUITests */,
				8545285B28CBC63B00DF64F2 /* Products */,
			);
			sourceTree = "<group>";
		};
		8545285B28CBC63B00DF64F2 /* Products */ = {
			isa = PBXGroup;
			children = (
				8545285A28CBC63B00DF64F2 /* Crew Leader.app */,
				8545286A28CBC63C00DF64F2 /* Crew LeaderTests.xctest */,
				8545287428CBC63C00DF64F2 /* Crew LeaderUITests.xctest */,
			);
			name = Products;
			sourceTree = "<group>";
		};
		8545285C28CBC63B00DF64F2 /* Crew Leader */ = {
			isa = PBXGroup;
			children = (
				85FF802728D8D2BA00B55666 /* Data Stores */,
				85FF802628D8D25600B55666 /* Views */,
				85EF067B28CBCD70008D006A /* Models */,
				8545285D28CBC63B00DF64F2 /* Crew_LeaderApp.swift */,
				8545285F28CBC63B00DF64F2 /* ContentView.swift */,
				85EF067928CBCA49008D006A /* template_view.swift */,
				8545286128CBC63C00DF64F2 /* Assets.xcassets */,
				8545286328CBC63C00DF64F2 /* Preview Content */,
				85C6306828D2493100A5066F /* TrailingIconLabelStyle.swift */,
				85FF802A28D8D4AE00B55666 /* ErrorWrapper.swift */,
				85FF802C28D8D5A600B55666 /* ErrorView.swift */,
				85896DC328DA03B6007FA1ED /* PieChartView.swift */,
				850F5B8428EDF42400361F3B /* Line Chart View */,
			);
			path = "Crew Leader";
			sourceTree = "<group>";
		};
		8545286328CBC63C00DF64F2 /* Preview Content */ = {
			isa = PBXGroup;
			children = (
				8545286428CBC63C00DF64F2 /* Preview Assets.xcassets */,
			);
			path = "Preview Content";
			sourceTree = "<group>";
		};
		8545286D28CBC63C00DF64F2 /* Crew LeaderTests */ = {
			isa = PBXGroup;
			children = (
				8545286E28CBC63C00DF64F2 /* Crew_LeaderTests.swift */,
				854DE9B728D269AC0099C722 /* CacheCalculatorTests.swift */,
			);
			path = "Crew LeaderTests";
			sourceTree = "<group>";
		};
		8545287728CBC63C00DF64F2 /* Crew LeaderUITests */ = {
			isa = PBXGroup;
			children = (
				8545287828CBC63C00DF64F2 /* Crew_LeaderUITests.swift */,
				8545287A28CBC63C00DF64F2 /* Crew_LeaderUITestsLaunchTests.swift */,
			);
			path = "Crew LeaderUITests";
			sourceTree = "<group>";
		};
		8581185528DE3C0700C6D0B7 /* Loads View */ = {
			isa = PBXGroup;
			children = (
				8581185628DE3C1A00C6D0B7 /* LoadsView.swift */,
				85B479D828E1FECD006647B5 /* AddLoadView.swift */,
			);
			path = "Loads View";
			sourceTree = "<group>";
		};
		8581321F28DB6A27006102FB /* Settings View */ = {
			isa = PBXGroup;
			children = (
				8581322028DB6A41006102FB /* SettingsView.swift */,
				8581322228DB6C44006102FB /* MyCrewView.swift */,
				8581322428DB6CC0006102FB /* SpeciesListView.swift */,
				85EB9D212A09FFBC00D63CD6 /* DeveloperNotesView.swift */,
			);
			path = "Settings View";
			sourceTree = "<group>";
		};
		85B479DC28E39F01006647B5 /* Loads View 2 */ = {
			isa = PBXGroup;
			children = (
				851872E828E39F3E00325800 /* LoadsView2.swift */,
				851872EA28E4DDF500325800 /* AddLoadView2.swift */,
			);
			path = "Loads View 2";
			sourceTree = "<group>";
		};
		85C6306C28D2579B00A5066F /* Cache Calculator View */ = {
			isa = PBXGroup;
			children = (
				85EF06A728D21ECE008D006A /* CacheCalculatorView.swift */,
				85C6306D28D257C400A5066F /* ResultsView.swift */,
				8581185328DE1BF500C6D0B7 /* ImportPlantingUnitView.swift */,
			);
			path = "Cache Calculator View";
			sourceTree = "<group>";
		};
		85EF067B28CBCD70008D006A /* Models */ = {
			isa = PBXGroup;
			children = (
				85EF067C28CBCD86008D006A /* Person.swift */,
				85EF067E28CBD054008D006A /* Crew.swift */,
				85EF068028CBD35B008D006A /* Block.swift */,
				85EF068228CBD68E008D006A /* DailyTally.swift */,
				85EF068828CE52F8008D006A /* Species.swift */,
				85EF068E28CE695A008D006A /* utilites.swift */,
				85EF069928CFAEF9008D006A /* Partial.swift */,
				85C6306A28D24C2800A5066F /* CacheCalculator.swift */,
				85A7AE7B28DA28F800A7636D /* PieChartParameters.swift */,
			);
			path = Models;
			sourceTree = "<group>";
		};
		85EF069628CF895B008D006A /* Tally View */ = {
			isa = PBXGroup;
			children = (
				85EF067728CBCA2B008D006A /* TalliesView.swift */,
				85EF06A428D00863008D006A /* Write */,
				85EF06A328D0082B008D006A /* Read */,
			);
			path = "Tally View";
			sourceTree = "<group>";
		};
		85EF06A328D0082B008D006A /* Read */ = {
			isa = PBXGroup;
			children = (
				85EF068A28CE5C45008D006A /* DailyTallyView.swift */,
				85EF068428CE402C008D006A /* PlanterTallyView.swift */,
				85EF068628CE4467008D006A /* CardView.swift */,
			);
			path = Read;
			sourceTree = "<group>";
		};
		85EF06A428D00863008D006A /* Write */ = {
			isa = PBXGroup;
			children = (
				85EF069028CE8B2F008D006A /* CreateTallyView.swift */,
				85EF06A528D1097E008D006A /* AddBlocksView.swift */,
				85EF069228CEA95A008D006A /* AddSpeciesView.swift */,
				85EF069728CF9319008D006A /* EnterTallyDataView.swift */,
				85EF069B28CFB055008D006A /* EnterSpeciesView.swift */,
				85EF06A128CFBF7C008D006A /* CreatePartialView.swift */,
				85EF069D28CFB54E008D006A /* PartialCardView.swift */,
			);
			path = Write;
			sourceTree = "<group>";
		};
		85FF801D28D4E96000B55666 /* Block View */ = {
			isa = PBXGroup;
			children = (
				85B479DC28E39F01006647B5 /* Loads View 2 */,
				8581185528DE3C0700C6D0B7 /* Loads View */,
				85EF069F28CFBCCE008D006A /* PopupView.swift */,
				85FF801E28D4E97100B55666 /* BlocksView.swift */,
				85FF802028D4EA2C00B55666 /* BlockView.swift */,
				85FF802228D4EAD200B55666 /* BlockCardView.swift */,
				85FF802428D4EB3000B55666 /* CreateBlockView.swift */,
				85896DBF28D8FD46007FA1ED /* PlantingSummaryView.swift */,
				85A7AE7D28DA6DF300A7636D /* PlanterProgressView.swift */,
				85A7AE7F28DA6E5C00A7636D /* BlockProgressView.swift */,
			);
			path = "Block View";
			sourceTree = "<group>";
		};
		85FF802628D8D25600B55666 /* Views */ = {
			isa = PBXGroup;
			children = (
				853A791928DCEC76003A2384 /* Crew View */,
				8581321F28DB6A27006102FB /* Settings View */,
				85EF069628CF895B008D006A /* Tally View */,
				85FF801D28D4E96000B55666 /* Block View */,
				85C6306C28D2579B00A5066F /* Cache Calculator View */,
				85EF068C28CE6462008D006A /* BlockSwitchView.swift */,
			);
			path = Views;
			sourceTree = "<group>";
		};
		85FF802728D8D2BA00B55666 /* Data Stores */ = {
			isa = PBXGroup;
			children = (
				85FF802828D8D2DA00B55666 /* TallyStore.swift */,
				85FF802E28D8F85300B55666 /* BlockStore.swift */,
				85896DC128D90EFB007FA1ED /* Data Store Locations.rtf */,
				8581321B28DB659D006102FB /* SpeciesStore.swift */,
				8581321D28DB6693006102FB /* PersonStore.swift */,
			);
			path = "Data Stores";
			sourceTree = "<group>";
		};
/* End PBXGroup section */

/* Begin PBXNativeTarget section */
		8545285928CBC63B00DF64F2 /* Crew Leader */ = {
			isa = PBXNativeTarget;
			buildConfigurationList = 8545287E28CBC63C00DF64F2 /* Build configuration list for PBXNativeTarget "Crew Leader" */;
			buildPhases = (
				8545285628CBC63B00DF64F2 /* Sources */,
				8545285728CBC63B00DF64F2 /* Frameworks */,
				8545285828CBC63B00DF64F2 /* Resources */,
			);
			buildRules = (
			);
			dependencies = (
			);
			name = "Crew Leader";
			productName = "Crew Leader";
			productReference = 8545285A28CBC63B00DF64F2 /* Crew Leader.app */;
			productType = "com.apple.product-type.application";
		};
		8545286928CBC63C00DF64F2 /* Crew LeaderTests */ = {
			isa = PBXNativeTarget;
			buildConfigurationList = 8545288128CBC63C00DF64F2 /* Build configuration list for PBXNativeTarget "Crew LeaderTests" */;
			buildPhases = (
				8545286628CBC63C00DF64F2 /* Sources */,
				8545286728CBC63C00DF64F2 /* Frameworks */,
				8545286828CBC63C00DF64F2 /* Resources */,
			);
			buildRules = (
			);
			dependencies = (
				8545286C28CBC63C00DF64F2 /* PBXTargetDependency */,
			);
			name = "Crew LeaderTests";
			productName = "Crew LeaderTests";
			productReference = 8545286A28CBC63C00DF64F2 /* Crew LeaderTests.xctest */;
			productType = "com.apple.product-type.bundle.unit-test";
		};
		8545287328CBC63C00DF64F2 /* Crew LeaderUITests */ = {
			isa = PBXNativeTarget;
			buildConfigurationList = 8545288428CBC63C00DF64F2 /* Build configuration list for PBXNativeTarget "Crew LeaderUITests" */;
			buildPhases = (
				8545287028CBC63C00DF64F2 /* Sources */,
				8545287128CBC63C00DF64F2 /* Frameworks */,
				8545287228CBC63C00DF64F2 /* Resources */,
			);
			buildRules = (
			);
			dependencies = (
				8545287628CBC63C00DF64F2 /* PBXTargetDependency */,
			);
			name = "Crew LeaderUITests";
			productName = "Crew LeaderUITests";
			productReference = 8545287428CBC63C00DF64F2 /* Crew LeaderUITests.xctest */;
			productType = "com.apple.product-type.bundle.ui-testing";
		};
/* End PBXNativeTarget section */

/* Begin PBXProject section */
		8545285228CBC63B00DF64F2 /* Project object */ = {
			isa = PBXProject;
			attributes = {
				BuildIndependentTargetsInParallel = 1;
				LastSwiftUpdateCheck = 1400;
				LastUpgradeCheck = 1400;
				TargetAttributes = {
					8545285928CBC63B00DF64F2 = {
						CreatedOnToolsVersion = 14.0;
					};
					8545286928CBC63C00DF64F2 = {
						CreatedOnToolsVersion = 14.0;
						TestTargetID = 8545285928CBC63B00DF64F2;
					};
					8545287328CBC63C00DF64F2 = {
						CreatedOnToolsVersion = 14.0;
						TestTargetID = 8545285928CBC63B00DF64F2;
					};
				};
			};
			buildConfigurationList = 8545285528CBC63B00DF64F2 /* Build configuration list for PBXProject "Crew Leader" */;
			compatibilityVersion = "Xcode 14.0";
			developmentRegion = en;
			hasScannedForEncodings = 0;
			knownRegions = (
				en,
				Base,
			);
			mainGroup = 8545285128CBC63B00DF64F2;
			productRefGroup = 8545285B28CBC63B00DF64F2 /* Products */;
			projectDirPath = "";
			projectRoot = "";
			targets = (
				8545285928CBC63B00DF64F2 /* Crew Leader */,
				8545286928CBC63C00DF64F2 /* Crew LeaderTests */,
				8545287328CBC63C00DF64F2 /* Crew LeaderUITests */,
			);
		};
/* End PBXProject section */

/* Begin PBXResourcesBuildPhase section */
		8545285828CBC63B00DF64F2 /* Resources */ = {
			isa = PBXResourcesBuildPhase;
			buildActionMask = 2147483647;
			files = (
				8545286528CBC63C00DF64F2 /* Preview Assets.xcassets in Resources */,
				8545286228CBC63C00DF64F2 /* Assets.xcassets in Resources */,
				85896DC228D90EFB007FA1ED /* Data Store Locations.rtf in Resources */,
			);
			runOnlyForDeploymentPostprocessing = 0;
		};
		8545286828CBC63C00DF64F2 /* Resources */ = {
			isa = PBXResourcesBuildPhase;
			buildActionMask = 2147483647;
			files = (
			);
			runOnlyForDeploymentPostprocessing = 0;
		};
		8545287228CBC63C00DF64F2 /* Resources */ = {
			isa = PBXResourcesBuildPhase;
			buildActionMask = 2147483647;
			files = (
			);
			runOnlyForDeploymentPostprocessing = 0;
		};
/* End PBXResourcesBuildPhase section */

/* Begin PBXSourcesBuildPhase section */
		8545285628CBC63B00DF64F2 /* Sources */ = {
			isa = PBXSourcesBuildPhase;
			buildActionMask = 2147483647;
			files = (
				8581322528DB6CC0006102FB /* SpeciesListView.swift in Sources */,
				85C6306B28D24C2800A5066F /* CacheCalculator.swift in Sources */,
				8581322328DB6C44006102FB /* MyCrewView.swift in Sources */,
				85C6306E28D257C400A5066F /* ResultsView.swift in Sources */,
				85EF068F28CE695A008D006A /* utilites.swift in Sources */,
				85FF802B28D8D4AE00B55666 /* ErrorWrapper.swift in Sources */,
				85EF069A28CFAEF9008D006A /* Partial.swift in Sources */,
				85EF068D28CE6462008D006A /* BlockSwitchView.swift in Sources */,
				85A7AE7E28DA6DF300A7636D /* PlanterProgressView.swift in Sources */,
				85EF067D28CBCD86008D006A /* Person.swift in Sources */,
				850F5BBF28F076D200361F3B /* LineChartProtocols.swift in Sources */,
				85EF068B28CE5C45008D006A /* DailyTallyView.swift in Sources */,
				85EF06A828D21ECE008D006A /* CacheCalculatorView.swift in Sources */,
				85EF068328CBD68E008D006A /* DailyTally.swift in Sources */,
				85EF069128CE8B2F008D006A /* CreateTallyView.swift in Sources */,
				850F5BCC28F078EF00361F3B /* Window.swift in Sources */,
				8581322128DB6A41006102FB /* SettingsView.swift in Sources */,
				8581321E28DB6693006102FB /* PersonStore.swift in Sources */,
				85A7AE7C28DA28F800A7636D /* PieChartParameters.swift in Sources */,
				85EF06A228CFBF7C008D006A /* CreatePartialView.swift in Sources */,
				85FF802F28D8F85300B55666 /* BlockStore.swift in Sources */,
				85EF068128CBD35B008D006A /* Block.swift in Sources */,
				8581321C28DB659D006102FB /* SpeciesStore.swift in Sources */,
				85EF067A28CBCA49008D006A /* template_view.swift in Sources */,
				85EF068728CE4467008D006A /* CardView.swift in Sources */,
				85EF06A628D1097E008D006A /* AddBlocksView.swift in Sources */,
				8581185728DE3C1A00C6D0B7 /* LoadsView.swift in Sources */,
				85C6306928D2493100A5066F /* TrailingIconLabelStyle.swift in Sources */,
				85EF06A028CFBCCE008D006A /* PopupView.swift in Sources */,
				85EF069E28CFB54E008D006A /* PartialCardView.swift in Sources */,
				85EF068528CE402C008D006A /* PlanterTallyView.swift in Sources */,
				851872E928E39F3E00325800 /* LoadsView2.swift in Sources */,
				85EF067F28CBD054008D006A /* Crew.swift in Sources */,
				85896DC028D8FD46007FA1ED /* PlantingSummaryView.swift in Sources */,
				85B479DB28E33F5F006647B5 /* PlanterReportView.swift in Sources */,
				85FF802D28D8D5A600B55666 /* ErrorView.swift in Sources */,
				85896DC428DA03B6007FA1ED /* PieChartView.swift in Sources */,
				85EB9D222A09FFBC00D63CD6 /* DeveloperNotesView.swift in Sources */,
				85EF069328CEA95A008D006A /* AddSpeciesView.swift in Sources */,
				85EF069C28CFB055008D006A /* EnterSpeciesView.swift in Sources */,
				8581185428DE1BF500C6D0B7 /* ImportPlantingUnitView.swift in Sources */,
				85FF802128D4EA2C00B55666 /* BlockView.swift in Sources */,
				8545286028CBC63B00DF64F2 /* ContentView.swift in Sources */,
				85FF802528D4EB3000B55666 /* CreateBlockView.swift in Sources */,
				85EF069828CF9319008D006A /* EnterTallyDataView.swift in Sources */,
				850F5B8328EDF41E00361F3B /* LineChartView.swift in Sources */,
				850F5BC428F077EA00361F3B /* PointArray.swift in Sources */,
				85FF801F28D4E97100B55666 /* BlocksView.swift in Sources */,
				850F5BC828F0787600361F3B /* LineChartStyling.swift in Sources */,
				85FF802328D4EAD200B55666 /* BlockCardView.swift in Sources */,
				85EF068928CE52F8008D006A /* Species.swift in Sources */,
				85B479D928E1FECD006647B5 /* AddLoadView.swift in Sources */,
				8545285E28CBC63B00DF64F2 /* Crew_LeaderApp.swift in Sources */,
				851872EB28E4DDF500325800 /* AddLoadView2.swift in Sources */,
				85A7AE8028DA6E5C00A7636D /* BlockProgressView.swift in Sources */,
				850F5BC228F0778600361F3B /* Point.swift in Sources */,
				853A791B28DCEC87003A2384 /* CrewView.swift in Sources */,
				85FF802928D8D2DA00B55666 /* TallyStore.swift in Sources */,
				85EF067828CBCA2B008D006A /* TalliesView.swift in Sources */,
			);
			runOnlyForDeploymentPostprocessing = 0;
		};
		8545286628CBC63C00DF64F2 /* Sources */ = {
			isa = PBXSourcesBuildPhase;
			buildActionMask = 2147483647;
			files = (
				854DE9B828D269AC0099C722 /* CacheCalculatorTests.swift in Sources */,
				8545286F28CBC63C00DF64F2 /* Crew_LeaderTests.swift in Sources */,
			);
			runOnlyForDeploymentPostprocessing = 0;
		};
		8545287028CBC63C00DF64F2 /* Sources */ = {
			isa = PBXSourcesBuildPhase;
			buildActionMask = 2147483647;
			files = (
				8545287B28CBC63C00DF64F2 /* Crew_LeaderUITestsLaunchTests.swift in Sources */,
				8545287928CBC63C00DF64F2 /* Crew_LeaderUITests.swift in Sources */,
			);
			runOnlyForDeploymentPostprocessing = 0;
		};
/* End PBXSourcesBuildPhase section */

/* Begin PBXTargetDependency section */
		8545286C28CBC63C00DF64F2 /* PBXTargetDependency */ = {
			isa = PBXTargetDependency;
			target = 8545285928CBC63B00DF64F2 /* Crew Leader */;
			targetProxy = 8545286B28CBC63C00DF64F2 /* PBXContainerItemProxy */;
		};
		8545287628CBC63C00DF64F2 /* PBXTargetDependency */ = {
			isa = PBXTargetDependency;
			target = 8545285928CBC63B00DF64F2 /* Crew Leader */;
			targetProxy = 8545287528CBC63C00DF64F2 /* PBXContainerItemProxy */;
		};
/* End PBXTargetDependency section */

/* Begin XCBuildConfiguration section */
		8545287C28CBC63C00DF64F2 /* Debug */ = {
			isa = XCBuildConfiguration;
			buildSettings = {
				ALWAYS_SEARCH_USER_PATHS = NO;
				CLANG_ANALYZER_NONNULL = YES;
				CLANG_ANALYZER_NUMBER_OBJECT_CONVERSION = YES_AGGRESSIVE;
				CLANG_CXX_LANGUAGE_STANDARD = "gnu++20";
				CLANG_ENABLE_MODULES = YES;
				CLANG_ENABLE_OBJC_ARC = YES;
				CLANG_ENABLE_OBJC_WEAK = YES;
				CLANG_WARN_BLOCK_CAPTURE_AUTORELEASING = YES;
				CLANG_WARN_BOOL_CONVERSION = YES;
				CLANG_WARN_COMMA = YES;
				CLANG_WARN_CONSTANT_CONVERSION = YES;
				CLANG_WARN_DEPRECATED_OBJC_IMPLEMENTATIONS = YES;
				CLANG_WARN_DIRECT_OBJC_ISA_USAGE = YES_ERROR;
				CLANG_WARN_DOCUMENTATION_COMMENTS = YES;
				CLANG_WARN_EMPTY_BODY = YES;
				CLANG_WARN_ENUM_CONVERSION = YES;
				CLANG_WARN_INFINITE_RECURSION = YES;
				CLANG_WARN_INT_CONVERSION = YES;
				CLANG_WARN_NON_LITERAL_NULL_CONVERSION = YES;
				CLANG_WARN_OBJC_IMPLICIT_RETAIN_SELF = YES;
				CLANG_WARN_OBJC_LITERAL_CONVERSION = YES;
				CLANG_WARN_OBJC_ROOT_CLASS = YES_ERROR;
				CLANG_WARN_QUOTED_INCLUDE_IN_FRAMEWORK_HEADER = YES;
				CLANG_WARN_RANGE_LOOP_ANALYSIS = YES;
				CLANG_WARN_STRICT_PROTOTYPES = YES;
				CLANG_WARN_SUSPICIOUS_MOVE = YES;
				CLANG_WARN_UNGUARDED_AVAILABILITY = YES_AGGRESSIVE;
				CLANG_WARN_UNREACHABLE_CODE = YES;
				CLANG_WARN__DUPLICATE_METHOD_MATCH = YES;
				COPY_PHASE_STRIP = NO;
				DEBUG_INFORMATION_FORMAT = dwarf;
				ENABLE_STRICT_OBJC_MSGSEND = YES;
				ENABLE_TESTABILITY = YES;
				GCC_C_LANGUAGE_STANDARD = gnu11;
				GCC_DYNAMIC_NO_PIC = NO;
				GCC_NO_COMMON_BLOCKS = YES;
				GCC_OPTIMIZATION_LEVEL = 0;
				GCC_PREPROCESSOR_DEFINITIONS = (
					"DEBUG=1",
					"$(inherited)",
				);
				GCC_WARN_64_TO_32_BIT_CONVERSION = YES;
				GCC_WARN_ABOUT_RETURN_TYPE = YES_ERROR;
				GCC_WARN_UNDECLARED_SELECTOR = YES;
				GCC_WARN_UNINITIALIZED_AUTOS = YES_AGGRESSIVE;
				GCC_WARN_UNUSED_FUNCTION = YES;
				GCC_WARN_UNUSED_VARIABLE = YES;
				IPHONEOS_DEPLOYMENT_TARGET = 16.0;
				MTL_ENABLE_DEBUG_INFO = INCLUDE_SOURCE;
				MTL_FAST_MATH = YES;
				ONLY_ACTIVE_ARCH = YES;
				SDKROOT = iphoneos;
				SWIFT_ACTIVE_COMPILATION_CONDITIONS = DEBUG;
				SWIFT_OPTIMIZATION_LEVEL = "-Onone";
			};
			name = Debug;
		};
		8545287D28CBC63C00DF64F2 /* Release */ = {
			isa = XCBuildConfiguration;
			buildSettings = {
				ALWAYS_SEARCH_USER_PATHS = NO;
				CLANG_ANALYZER_NONNULL = YES;
				CLANG_ANALYZER_NUMBER_OBJECT_CONVERSION = YES_AGGRESSIVE;
				CLANG_CXX_LANGUAGE_STANDARD = "gnu++20";
				CLANG_ENABLE_MODULES = YES;
				CLANG_ENABLE_OBJC_ARC = YES;
				CLANG_ENABLE_OBJC_WEAK = YES;
				CLANG_WARN_BLOCK_CAPTURE_AUTORELEASING = YES;
				CLANG_WARN_BOOL_CONVERSION = YES;
				CLANG_WARN_COMMA = YES;
				CLANG_WARN_CONSTANT_CONVERSION = YES;
				CLANG_WARN_DEPRECATED_OBJC_IMPLEMENTATIONS = YES;
				CLANG_WARN_DIRECT_OBJC_ISA_USAGE = YES_ERROR;
				CLANG_WARN_DOCUMENTATION_COMMENTS = YES;
				CLANG_WARN_EMPTY_BODY = YES;
				CLANG_WARN_ENUM_CONVERSION = YES;
				CLANG_WARN_INFINITE_RECURSION = YES;
				CLANG_WARN_INT_CONVERSION = YES;
				CLANG_WARN_NON_LITERAL_NULL_CONVERSION = YES;
				CLANG_WARN_OBJC_IMPLICIT_RETAIN_SELF = YES;
				CLANG_WARN_OBJC_LITERAL_CONVERSION = YES;
				CLANG_WARN_OBJC_ROOT_CLASS = YES_ERROR;
				CLANG_WARN_QUOTED_INCLUDE_IN_FRAMEWORK_HEADER = YES;
				CLANG_WARN_RANGE_LOOP_ANALYSIS = YES;
				CLANG_WARN_STRICT_PROTOTYPES = YES;
				CLANG_WARN_SUSPICIOUS_MOVE = YES;
				CLANG_WARN_UNGUARDED_AVAILABILITY = YES_AGGRESSIVE;
				CLANG_WARN_UNREACHABLE_CODE = YES;
				CLANG_WARN__DUPLICATE_METHOD_MATCH = YES;
				COPY_PHASE_STRIP = NO;
				DEBUG_INFORMATION_FORMAT = "dwarf-with-dsym";
				ENABLE_NS_ASSERTIONS = NO;
				ENABLE_STRICT_OBJC_MSGSEND = YES;
				GCC_C_LANGUAGE_STANDARD = gnu11;
				GCC_NO_COMMON_BLOCKS = YES;
				GCC_WARN_64_TO_32_BIT_CONVERSION = YES;
				GCC_WARN_ABOUT_RETURN_TYPE = YES_ERROR;
				GCC_WARN_UNDECLARED_SELECTOR = YES;
				GCC_WARN_UNINITIALIZED_AUTOS = YES_AGGRESSIVE;
				GCC_WARN_UNUSED_FUNCTION = YES;
				GCC_WARN_UNUSED_VARIABLE = YES;
				IPHONEOS_DEPLOYMENT_TARGET = 16.0;
				MTL_ENABLE_DEBUG_INFO = NO;
				MTL_FAST_MATH = YES;
				SDKROOT = iphoneos;
				SWIFT_COMPILATION_MODE = wholemodule;
				SWIFT_OPTIMIZATION_LEVEL = "-O";
				VALIDATE_PRODUCT = YES;
			};
			name = Release;
		};
		8545287F28CBC63C00DF64F2 /* Debug */ = {
			isa = XCBuildConfiguration;
			buildSettings = {
				ASSETCATALOG_COMPILER_APPICON_NAME = AppIcon;
				ASSETCATALOG_COMPILER_GLOBAL_ACCENT_COLOR_NAME = AccentColor;
				ASSETCATALOG_COMPILER_INCLUDE_ALL_APPICON_ASSETS = NO;
				CODE_SIGN_STYLE = Automatic;
				CURRENT_PROJECT_VERSION = 1;
				DEVELOPMENT_ASSET_PATHS = "\"Crew Leader/Preview Content\"";
				DEVELOPMENT_TEAM = SAKN7A8HJH;
				ENABLE_PREVIEWS = YES;
				GENERATE_INFOPLIST_FILE = YES;
				INFOPLIST_KEY_UIApplicationSceneManifest_Generation = YES;
				INFOPLIST_KEY_UIApplicationSupportsIndirectInputEvents = YES;
				INFOPLIST_KEY_UILaunchScreen_Generation = YES;
				INFOPLIST_KEY_UISupportedInterfaceOrientations_iPad = "UIInterfaceOrientationPortrait UIInterfaceOrientationPortraitUpsideDown UIInterfaceOrientationLandscapeLeft UIInterfaceOrientationLandscapeRight";
				INFOPLIST_KEY_UISupportedInterfaceOrientations_iPhone = "UIInterfaceOrientationPortrait UIInterfaceOrientationLandscapeLeft UIInterfaceOrientationLandscapeRight";
				LD_RUNPATH_SEARCH_PATHS = (
					"$(inherited)",
					"@executable_path/Frameworks",
				);
				MARKETING_VERSION = 1.0;
				PRODUCT_BUNDLE_IDENTIFIER = "maxyboy.Crew-Leader";
				PRODUCT_NAME = "$(TARGET_NAME)";
				SWIFT_EMIT_LOC_STRINGS = YES;
				SWIFT_VERSION = 5.0;
				TARGETED_DEVICE_FAMILY = "1,2";
			};
			name = Debug;
		};
		8545288028CBC63C00DF64F2 /* Release */ = {
			isa = XCBuildConfiguration;
			buildSettings = {
				ASSETCATALOG_COMPILER_APPICON_NAME = AppIcon;
				ASSETCATALOG_COMPILER_GLOBAL_ACCENT_COLOR_NAME = AccentColor;
				ASSETCATALOG_COMPILER_INCLUDE_ALL_APPICON_ASSETS = NO;
				CODE_SIGN_STYLE = Automatic;
				CURRENT_PROJECT_VERSION = 1;
				DEVELOPMENT_ASSET_PATHS = "\"Crew Leader/Preview Content\"";
				DEVELOPMENT_TEAM = SAKN7A8HJH;
				ENABLE_PREVIEWS = YES;
				GENERATE_INFOPLIST_FILE = YES;
				INFOPLIST_KEY_UIApplicationSceneManifest_Generation = YES;
				INFOPLIST_KEY_UIApplicationSupportsIndirectInputEvents = YES;
				INFOPLIST_KEY_UILaunchScreen_Generation = YES;
				INFOPLIST_KEY_UISupportedInterfaceOrientations_iPad = "UIInterfaceOrientationPortrait UIInterfaceOrientationPortraitUpsideDown UIInterfaceOrientationLandscapeLeft UIInterfaceOrientationLandscapeRight";
				INFOPLIST_KEY_UISupportedInterfaceOrientations_iPhone = "UIInterfaceOrientationPortrait UIInterfaceOrientationLandscapeLeft UIInterfaceOrientationLandscapeRight";
				LD_RUNPATH_SEARCH_PATHS = (
					"$(inherited)",
					"@executable_path/Frameworks",
				);
				MARKETING_VERSION = 1.0;
				PRODUCT_BUNDLE_IDENTIFIER = "maxyboy.Crew-Leader";
				PRODUCT_NAME = "$(TARGET_NAME)";
				SWIFT_EMIT_LOC_STRINGS = YES;
				SWIFT_VERSION = 5.0;
				TARGETED_DEVICE_FAMILY = "1,2";
			};
			name = Release;
		};
		8545288228CBC63C00DF64F2 /* Debug */ = {
			isa = XCBuildConfiguration;
			buildSettings = {
				ALWAYS_EMBED_SWIFT_STANDARD_LIBRARIES = YES;
				BUNDLE_LOADER = "$(TEST_HOST)";
				CODE_SIGN_STYLE = Automatic;
				CURRENT_PROJECT_VERSION = 1;
				DEVELOPMENT_TEAM = SAKN7A8HJH;
				GENERATE_INFOPLIST_FILE = YES;
				IPHONEOS_DEPLOYMENT_TARGET = 16.0;
				MARKETING_VERSION = 1.0;
				PRODUCT_BUNDLE_IDENTIFIER = "maxyboy.Crew-LeaderTests";
				PRODUCT_NAME = "$(TARGET_NAME)";
				SWIFT_EMIT_LOC_STRINGS = NO;
				SWIFT_VERSION = 5.0;
				TARGETED_DEVICE_FAMILY = "1,2";
				TEST_HOST = "$(BUILT_PRODUCTS_DIR)/Crew Leader.app/$(BUNDLE_EXECUTABLE_FOLDER_PATH)/Crew Leader";
			};
			name = Debug;
		};
		8545288328CBC63C00DF64F2 /* Release */ = {
			isa = XCBuildConfiguration;
			buildSettings = {
				ALWAYS_EMBED_SWIFT_STANDARD_LIBRARIES = YES;
				BUNDLE_LOADER = "$(TEST_HOST)";
				CODE_SIGN_STYLE = Automatic;
				CURRENT_PROJECT_VERSION = 1;
				DEVELOPMENT_TEAM = SAKN7A8HJH;
				GENERATE_INFOPLIST_FILE = YES;
				IPHONEOS_DEPLOYMENT_TARGET = 16.0;
				MARKETING_VERSION = 1.0;
				PRODUCT_BUNDLE_IDENTIFIER = "maxyboy.Crew-LeaderTests";
				PRODUCT_NAME = "$(TARGET_NAME)";
				SWIFT_EMIT_LOC_STRINGS = NO;
				SWIFT_VERSION = 5.0;
				TARGETED_DEVICE_FAMILY = "1,2";
				TEST_HOST = "$(BUILT_PRODUCTS_DIR)/Crew Leader.app/$(BUNDLE_EXECUTABLE_FOLDER_PATH)/Crew Leader";
			};
			name = Release;
		};
		8545288528CBC63C00DF64F2 /* Debug */ = {
			isa = XCBuildConfiguration;
			buildSettings = {
				ALWAYS_EMBED_SWIFT_STANDARD_LIBRARIES = YES;
				CODE_SIGN_STYLE = Automatic;
				CURRENT_PROJECT_VERSION = 1;
				DEVELOPMENT_TEAM = SAKN7A8HJH;
				GENERATE_INFOPLIST_FILE = YES;
				MARKETING_VERSION = 1.0;
				PRODUCT_BUNDLE_IDENTIFIER = "maxyboy.Crew-LeaderUITests";
				PRODUCT_NAME = "$(TARGET_NAME)";
				SWIFT_EMIT_LOC_STRINGS = NO;
				SWIFT_VERSION = 5.0;
				TARGETED_DEVICE_FAMILY = "1,2";
				TEST_TARGET_NAME = "Crew Leader";
			};
			name = Debug;
		};
		8545288628CBC63C00DF64F2 /* Release */ = {
			isa = XCBuildConfiguration;
			buildSettings = {
				ALWAYS_EMBED_SWIFT_STANDARD_LIBRARIES = YES;
				CODE_SIGN_STYLE = Automatic;
				CURRENT_PROJECT_VERSION = 1;
				DEVELOPMENT_TEAM = SAKN7A8HJH;
				GENERATE_INFOPLIST_FILE = YES;
				MARKETING_VERSION = 1.0;
				PRODUCT_BUNDLE_IDENTIFIER = "maxyboy.Crew-LeaderUITests";
				PRODUCT_NAME = "$(TARGET_NAME)";
				SWIFT_EMIT_LOC_STRINGS = NO;
				SWIFT_VERSION = 5.0;
				TARGETED_DEVICE_FAMILY = "1,2";
				TEST_TARGET_NAME = "Crew Leader";
			};
			name = Release;
		};
/* End XCBuildConfiguration section */

/* Begin XCConfigurationList section */
		8545285528CBC63B00DF64F2 /* Build configuration list for PBXProject "Crew Leader" */ = {
			isa = XCConfigurationList;
			buildConfigurations = (
				8545287C28CBC63C00DF64F2 /* Debug */,
				8545287D28CBC63C00DF64F2 /* Release */,
			);
			defaultConfigurationIsVisible = 0;
			defaultConfigurationName = Release;
		};
		8545287E28CBC63C00DF64F2 /* Build configuration list for PBXNativeTarget "Crew Leader" */ = {
			isa = XCConfigurationList;
			buildConfigurations = (
				8545287F28CBC63C00DF64F2 /* Debug */,
				8545288028CBC63C00DF64F2 /* Release */,
			);
			defaultConfigurationIsVisible = 0;
			defaultConfigurationName = Release;
		};
		8545288128CBC63C00DF64F2 /* Build configuration list for PBXNativeTarget "Crew LeaderTests" */ = {
			isa = XCConfigurationList;
			buildConfigurations = (
				8545288228CBC63C00DF64F2 /* Debug */,
				8545288328CBC63C00DF64F2 /* Release */,
			);
			defaultConfigurationIsVisible = 0;
			defaultConfigurationName = Release;
		};
		8545288428CBC63C00DF64F2 /* Build configuration list for PBXNativeTarget "Crew LeaderUITests" */ = {
			isa = XCConfigurationList;
			buildConfigurations = (
				8545288528CBC63C00DF64F2 /* Debug */,
				8545288628CBC63C00DF64F2 /* Release */,
			);
			defaultConfigurationIsVisible = 0;
			defaultConfigurationName = Release;
		};
/* End XCConfigurationList section */
	};
	rootObject = 8545285228CBC63B00DF64F2 /* Project object */;
}
